// !$*UTF8*$!
{
	archiveVersion = 1;
	classes = {
	};
	objectVersion = 46;
	objects = {

/* Begin PBXBuildFile section */
		2B6FA9D41DD3739900ADA5DD /* AppDelegate.swift in Sources */ = {isa = PBXBuildFile; fileRef = 2B6FA9D31DD3739900ADA5DD /* AppDelegate.swift */; };
		2B6FA9D61DD3739900ADA5DD /* ViewController.swift in Sources */ = {isa = PBXBuildFile; fileRef = 2B6FA9D51DD3739900ADA5DD /* ViewController.swift */; };
		2B6FA9D91DD3739900ADA5DD /* Main.storyboard in Resources */ = {isa = PBXBuildFile; fileRef = 2B6FA9D71DD3739900ADA5DD /* Main.storyboard */; };
		2B6FA9DB1DD3739900ADA5DD /* Assets.xcassets in Resources */ = {isa = PBXBuildFile; fileRef = 2B6FA9DA1DD3739900ADA5DD /* Assets.xcassets */; };
		2B6FA9DE1DD3739900ADA5DD /* LaunchScreen.storyboard in Resources */ = {isa = PBXBuildFile; fileRef = 2B6FA9DC1DD3739900ADA5DD /* LaunchScreen.storyboard */; };
		2B6FA9E81DD373CC00ADA5DD /* Board.png in Resources */ = {isa = PBXBuildFile; fileRef = 2B6FA9E51DD373CC00ADA5DD /* Board.png */; };
		2B6FA9E91DD373CC00ADA5DD /* Cross.png in Resources */ = {isa = PBXBuildFile; fileRef = 2B6FA9E61DD373CC00ADA5DD /* Cross.png */; };
		2B6FA9EA1DD373CC00ADA5DD /* Nought.png in Resources */ = {isa = PBXBuildFile; fileRef = 2B6FA9E71DD373CC00ADA5DD /* Nought.png */; };
/* End PBXBuildFile section */

/* Begin PBXFileReference section */
		2B6FA9D01DD3739900ADA5DD /* Tic.app */ = {isa = PBXFileReference; explicitFileType = wrapper.application; includeInIndex = 0; path = Tic.app; sourceTree = BUILT_PRODUCTS_DIR; };
		2B6FA9D31DD3739900ADA5DD /* AppDelegate.swift */ = {isa = PBXFileReference; lastKnownFileType = sourcecode.swift; path = AppDelegate.swift; sourceTree = "<group>"; };
		2B6FA9D51DD3739900ADA5DD /* ViewController.swift */ = {isa = PBXFileReference; lastKnownFileType = sourcecode.swift; path = ViewController.swift; sourceTree = "<group>"; };
		2B6FA9D81DD3739900ADA5DD /* Base */ = {isa = PBXFileReference; lastKnownFileType = file.storyboard; name = Base; path = Base.lproj/Main.storyboard; sourceTree = "<group>"; };
		2B6FA9DA1DD3739900ADA5DD /* Assets.xcassets */ = {isa = PBXFileReference; lastKnownFileType = folder.assetcatalog; path = Assets.xcassets; sourceTree = "<group>"; };
		2B6FA9DD1DD3739900ADA5DD /* Base */ = {isa = PBXFileReference; lastKnownFileType = file.storyboard; name = Base; path = Base.lproj/LaunchScreen.storyboard; sourceTree = "<group>"; };
		2B6FA9DF1DD3739900ADA5DD /* Info.plist */ = {isa = PBXFileReference; lastKnownFileType = text.plist.xml; path = Info.plist; sourceTree = "<group>"; };
		2B6FA9E51DD373CC00ADA5DD /* Board.png */ = {isa = PBXFileReference; lastKnownFileType = image.png; path = Board.png; sourceTree = "<group>"; };
		2B6FA9E61DD373CC00ADA5DD /* Cross.png */ = {isa = PBXFileReference; lastKnownFileType = image.png; path = Cross.png; sourceTree = "<group>"; };
		2B6FA9E71DD373CC00ADA5DD /* Nought.png */ = {isa = PBXFileReference; lastKnownFileType = image.png; path = Nought.png; sourceTree = "<group>"; };
/* End PBXFileReference section */

/* Begin PBXFrameworksBuildPhase section */
		2B6FA9CD1DD3739900ADA5DD /* Frameworks */ = {
			isa = PBXFrameworksBuildPhase;
			buildActionMask = 2147483647;
			files = (
			);
			runOnlyForDeploymentPostprocessing = 0;
		};
/* End PBXFrameworksBuildPhase section */

/* Begin PBXGroup section */
		2B6FA9C71DD3739900ADA5DD = {
			isa = PBXGroup;
			children = (
				2B6FA9D21DD3739900ADA5DD /* Tic */,
				2B6FA9D11DD3739900ADA5DD /* Products */,
			);
			sourceTree = "<group>";
		};
		2B6FA9D11DD3739900ADA5DD /* Products */ = {
			isa = PBXGroup;
			children = (
				2B6FA9D01DD3739900ADA5DD /* Tic.app */,
			);
			name = Products;
			sourceTree = "<group>";
		};
		2B6FA9D21DD3739900ADA5DD /* Tic */ = {
			isa = PBXGroup;
			children = (
				2B6FA9D31DD3739900ADA5DD /* AppDelegate.swift */,
				2B6FA9D51DD3739900ADA5DD /* ViewController.swift */,
				2B6FA9D71DD3739900ADA5DD /* Main.storyboard */,
				2B6FA9DA1DD3739900ADA5DD /* Assets.xcassets */,
				2B6FA9DC1DD3739900ADA5DD /* LaunchScreen.storyboard */,
				2B6FA9DF1DD3739900ADA5DD /* Info.plist */,
				2B6FA9E51DD373CC00ADA5DD /* Board.png */,
				2B6FA9E61DD373CC00ADA5DD /* Cross.png */,
				2B6FA9E71DD373CC00ADA5DD /* Nought.png */,
			);
			path = Tic;
			sourceTree = "<group>";
		};
/* End PBXGroup section */

/* Begin PBXNativeTarget section */
		2B6FA9CF1DD3739900ADA5DD /* Tic */ = {
			isa = PBXNativeTarget;
			buildConfigurationList = 2B6FA9E21DD3739900ADA5DD /* Build configuration list for PBXNativeTarget "Tic" */;
			buildPhases = (
				2B6FA9CC1DD3739900ADA5DD /* Sources */,
				2B6FA9CD1DD3739900ADA5DD /* Frameworks */,
				2B6FA9CE1DD3739900ADA5DD /* Resources */,
			);
			buildRules = (
			);
			dependencies = (
			);
			name = Tic;
			productName = Tic;
			productReference = 2B6FA9D01DD3739900ADA5DD /* Tic.app */;
			productType = "com.apple.product-type.application";
		};
/* End PBXNativeTarget section */

/* Begin PBXProject section */
		2B6FA9C81DD3739900ADA5DD /* Project object */ = {
			isa = PBXProject;
			attributes = {
				LastSwiftUpdateCheck = 0810;
				LastUpgradeCheck = 0810;
				ORGANIZATIONNAME = "Neel Patel";
				TargetAttributes = {
					2B6FA9CF1DD3739900ADA5DD = {
						CreatedOnToolsVersion = 8.1;
						ProvisioningStyle = Automatic;
					};
				};
			};
			buildConfigurationList = 2B6FA9CB1DD3739900ADA5DD /* Build configuration list for PBXProject "Tic" */;
			compatibilityVersion = "Xcode 3.2";
			developmentRegion = English;
			hasScannedForEncodings = 0;
			knownRegions = (
				en,
				Base,
			);
			mainGroup = 2B6FA9C71DD3739900ADA5DD;
			productRefGroup = 2B6FA9D11DD3739900ADA5DD /* Products */;
			projectDirPath = "";
			projectRoot = "";
			targets = (
				2B6FA9CF1DD3739900ADA5DD /* Tic */,
			);
		};
/* End PBXProject section */

/* Begin PBXResourcesBuildPhase section */
		2B6FA9CE1DD3739900ADA5DD /* Resources */ = {
			isa = PBXResourcesBuildPhase;
			buildActionMask = 2147483647;
			files = (
				2B6FA9EA1DD373CC00ADA5DD /* Nought.png in Resources */,
				2B6FA9E81DD373CC00ADA5DD /* Board.png in Resources */,
				2B6FA9DE1DD3739900ADA5DD /* LaunchScreen.storyboard in Resources */,
				2B6FA9E91DD373CC00ADA5DD /* Cross.png in Resources */,
				2B6FA9DB1DD3739900ADA5DD /* Assets.xcassets in Resources */,
				2B6FA9D91DD3739900ADA5DD /* Main.storyboard in Resources */,
			);
			runOnlyForDeploymentPostprocessing = 0;
		};
/* End PBXResourcesBuildPhase section */

/* Begin PBXSourcesBuildPhase section */
		2B6FA9CC1DD3739900ADA5DD /* Sources */ = {
			isa = PBXSourcesBuildPhase;
			buildActionMask = 2147483647;
			files = (
				2B6FA9D61DD3739900ADA5DD /* ViewController.swift in Sources */,
				2B6FA9D41DD3739900ADA5DD /* AppDelegate.swift in Sources */,
			);
			runOnlyForDeploymentPostprocessing = 0;
		};
/* End PBXSourcesBuildPhase section */

/* Begin PBXVariantGroup section */
		2B6FA9D71DD3739900ADA5DD /* Main.storyboard */ = {
			isa = PBXVariantGroup;
			children = (
				2B6FA9D81DD3739900ADA5DD /* Base */,
			);
			name = Main.storyboard;
			sourceTree = "<group>";
		};
		2B6FA9DC1DD3739900ADA5DD /* LaunchScreen.storyboard */ = {
			isa = PBXVariantGroup;
			children = (
				2B6FA9DD1DD3739900ADA5DD /* Base */,
			);
			name = LaunchScreen.storyboard;
			sourceTree = "<group>";
		};
/* End PBXVariantGroup section */

/* Begin XCBuildConfiguration section */
		2B6FA9E01DD3739900ADA5DD /* Debug */ = {
			isa = XCBuildConfiguration;
			buildSettings = {
				ALWAYS_SEARCH_USER_PATHS = NO;
				CLANG_ANALYZER_NONNULL = YES;
				CLANG_CXX_LANGUAGE_STANDARD = "gnu++0x";
				CLANG_CXX_LIBRARY = "libc++";
				CLANG_ENABLE_MODULES = YES;
				CLANG_ENABLE_OBJC_ARC = YES;
				CLANG_WARN_BOOL_CONVERSION = YES;
				CLANG_WARN_CONSTANT_CONVERSION = YES;
				CLANG_WARN_DIRECT_OBJC_ISA_USAGE = YES_ERROR;
				CLANG_WARN_DOCUMENTATION_COMMENTS = YES;
				CLANG_WARN_EMPTY_BODY = YES;
				CLANG_WARN_ENUM_CONVERSION = YES;
				CLANG_WARN_INFINITE_RECURSION = YES;
				CLANG_WARN_INT_CONVERSION = YES;
				CLANG_WARN_OBJC_ROOT_CLASS = YES_ERROR;
				CLANG_WARN_SUSPICIOUS_MOVES = YES;
				CLANG_WARN_UNREACHABLE_CODE = YES;
				CLANG_WARN__DUPLICATE_METHOD_MATCH = YES;
				"CODE_SIGN_IDENTITY[sdk=iphoneos*]" = "iPhone Developer";
				COPY_PHASE_STRIP = NO;
				DEBUG_INFORMATION_FORMAT = dwarf;
				ENABLE_STRICT_OBJC_MSGSEND = YES;
				ENABLE_TESTABILITY = YES;
				GCC_C_LANGUAGE_STANDARD = gnu99;
				GCC_DYNAMIC_NO_PIC = NO;
				GCC_NO_COMMON_BLOCKS = YES;
				GCC_OPTIMIZATION_LEVEL = 0;
				GCC_PREPROCESSOR_DEFINITIONS = (
					"DEBUG=1",
					"$(inherited)",
				);
				GCC_WARN_64_TO_32_BIT_CONVERSION = YES;
				GCC_WARN_ABOUT_RETURN_TYPE = YES_ERROR;
				GCC_WARN_UNDECLARED_SELECTOR = YES;
				GCC_WARN_UNINITIALIZED_AUTOS = YES_AGGRESSIVE;
				GCC_WARN_UNUSED_FUNCTION = YES;
				GCC_WARN_UNUSED_VARIABLE = YES;
				IPHONEOS_DEPLOYMENT_TARGET = 10.1;
				MTL_ENABLE_DEBUG_INFO = YES;
				ONLY_ACTIVE_ARCH = YES;
				SDKROOT = iphoneos;
				SWIFT_ACTIVE_COMPILATION_CONDITIONS = DEBUG;
				SWIFT_OPTIMIZATION_LEVEL = "-Onone";
				TARGETED_DEVICE_FAMILY = "1,2";
			};
			name = Debug;
		};
		2B6FA9E11DD3739900ADA5DD /* Release */ = {
			isa = XCBuildConfiguration;
			buildSettings = {
				ALWAYS_SEARCH_USER_PATHS = NO;
				CLANG_ANALYZER_NONNULL = YES;
				CLANG_CXX_LANGUAGE_STANDARD = "gnu++0x";
				CLANG_CXX_LIBRARY = "libc++";
				CLANG_ENABLE_MODULES = YES;
				CLANG_ENABLE_OBJC_ARC = YES;
				CLANG_WARN_BOOL_CONVERSION = YES;
				CLANG_WARN_CONSTANT_CONVERSION = YES;
				CLANG_WARN_DIRECT_OBJC_ISA_USAGE = YES_ERROR;
				CLANG_WARN_DOCUMENTATION_COMMENTS = YES;
				CLANG_WARN_EMPTY_BODY = YES;
				CLANG_WARN_ENUM_CONVERSION = YES;
				CLANG_WARN_INFINITE_RECURSION = YES;
				CLANG_WARN_INT_CONVERSION = YES;
				CLANG_WARN_OBJC_ROOT_CLASS = YES_ERROR;
				CLANG_WARN_SUSPICIOUS_MOVES = YES;
				CLANG_WARN_UNREACHABLE_CODE = YES;
				CLANG_WARN__DUPLICATE_METHOD_MATCH = YES;
				"CODE_SIGN_IDENTITY[sdk=iphoneos*]" = "iPhone Developer";
				COPY_PHASE_STRIP = NO;
				DEBUG_INFORMATION_FORMAT = "dwarf-with-dsym";
				ENABLE_NS_ASSERTIONS = NO;
				ENABLE_STRICT_OBJC_MSGSEND = YES;
				GCC_C_LANGUAGE_STANDARD = gnu99;
				GCC_NO_COMMON_BLOCKS = YES;
				GCC_WARN_64_TO_32_BIT_CONVERSION = YES;
				GCC_WARN_ABOUT_RETURN_TYPE = YES_ERROR;
				GCC_WARN_UNDECLARED_SELECTOR = YES;
				GCC_WARN_UNINITIALIZED_AUTOS = YES_AGGRESSIVE;
				GCC_WARN_UNUSED_FUNCTION = YES;
				GCC_WARN_UNUSED_VARIABLE = YES;
				IPHONEOS_DEPLOYMENT_TARGET = 10.1;
				MTL_ENABLE_DEBUG_INFO = NO;
				SDKROOT = iphoneos;
				SWIFT_OPTIMIZATION_LEVEL = "-Owholemodule";
				TARGETED_DEVICE_FAMILY = "1,2";
				VALIDATE_PRODUCT = YES;
			};
			name = Release;
		};
		2B6FA9E31DD3739900ADA5DD /* Debug */ = {
			isa = XCBuildConfiguration;
			buildSettings = {
				ASSETCATALOG_COMPILER_APPICON_NAME = AppIcon;
				INFOPLIST_FILE = Tic/Info.plist;
				LD_RUNPATH_SEARCH_PATHS = "$(inherited) @executable_path/Frameworks";
				PRODUCT_BUNDLE_IDENTIFIER = neelpatel.Tic;
				PRODUCT_NAME = "$(TARGET_NAME)";
				SWIFT_VERSION = 3.0;
			};
			name = Debug;
		};
		2B6FA9E41DD3739900ADA5DD /* Release */ = {
			isa = XCBuildConfiguration;
			buildSettings = {
				ASSETCATALOG_COMPILER_APPICON_NAME = AppIcon;
				INFOPLIST_FILE = Tic/Info.plist;
				LD_RUNPATH_SEARCH_PATHS = "$(inherited) @executable_path/Frameworks";
				PRODUCT_BUNDLE_IDENTIFIER = neelpatel.Tic;
				PRODUCT_NAME = "$(TARGET_NAME)";
				SWIFT_VERSION = 3.0;
			};
			name = Release;
		};
/* End XCBuildConfiguration section */

/* Begin XCConfigurationList section */
		2B6FA9CB1DD3739900ADA5DD /* Build configuration list for PBXProject "Tic" */ = {
			isa = XCConfigurationList;
			buildConfigurations = (
				2B6FA9E01DD3739900ADA5DD /* Debug */,
				2B6FA9E11DD3739900ADA5DD /* Release */,
			);
			defaultConfigurationIsVisible = 0;
			defaultConfigurationName = Release;
		};
		2B6FA9E21DD3739900ADA5DD /* Build configuration list for PBXNativeTarget "Tic" */ = {
			isa = XCConfigurationList;
			buildConfigurations = (
				2B6FA9E31DD3739900ADA5DD /* Debug */,
				2B6FA9E41DD3739900ADA5DD /* Release */,
			);
			defaultConfigurationIsVisible = 0;
		};
/* End XCConfigurationList section */
	};
	rootObject = 2B6FA9C81DD3739900ADA5DD /* Project object */;
}
